
Microsoft Visual Studio Solution File, Format Version 12.00
# Visual Studio Version 17
VisualStudioVersion = 17.9.34414.90
MinimumVisualStudioVersion = 10.0.40219.1
Project("{2150E333-8FDC-42A3-9474-1A3956D46DE8}") = "BuildingBlocks", "BuildingBlocks", "{E94B1237-D443-40DE-B102-5A07798B8262}"
EndProject
Project("{9A19103F-16F7-4668-BE54-9A1E7A4F7556}") = "BuildingBlocks", "BuildingBlocks\BuildingBlocks\BuildingBlocks.csproj", "{C01C886C-B8DD-43CE-82F3-743021F4DC38}"
EndProject
Project("{2150E333-8FDC-42A3-9474-1A3956D46DE8}") = "Services", "Services", "{F0981627-6DD0-41EB-B63B-CF1EC820A420}"
EndProject
Project("{2150E333-8FDC-42A3-9474-1A3956D46DE8}") = "Test", "Test", "{AF649E11-99AA-42DB-82E7-6EC6ACC6CDF4}"
EndProject
Project("{9A19103F-16F7-4668-BE54-9A1E7A4F7556}") = "Test.API", "Services\Test\Test.API\Test.API.csproj", "{81D520EF-94EC-4AFD-81A3-52F3771F64A8}"
EndProject
Project("{9A19103F-16F7-4668-BE54-9A1E7A4F7556}") = "BuildingBlocks.Messaging", "BuildingBlocks\BuildingBlocks.Messaging\BuildingBlocks.Messaging.csproj", "{953E3166-C9A0-4EFA-9191-5B9380329BD4}"
EndProject
Project("{2150E333-8FDC-42A3-9474-1A3956D46DE8}") = "Ordering", "Ordering", "{47FD5FEC-E9E8-48FE-A8DA-5357A34DCB6B}"
EndProject
Project("{9A19103F-16F7-4668-BE54-9A1E7A4F7556}") = "Ordering.API", "Services\Ordering\Ordering.API\Ordering.API.csproj", "{D91CB931-9DE7-45DB-B8B5-A8D698D32B7D}"
EndProject
Project("{9A19103F-16F7-4668-BE54-9A1E7A4F7556}") = "Ordering.Application", "Services\Ordering\Ordering.Application\Ordering.Application.csproj", "{5EFA9119-B54C-40EE-8492-C5301D376AB3}"
EndProject
Project("{9A19103F-16F7-4668-BE54-9A1E7A4F7556}") = "Ordering.Domain", "Services\Ordering\Ordering.Domain\Ordering.Domain.csproj", "{9CCAFBD1-BE6B-4309-99DA-D8C8BC642A58}"
EndProject
Project("{9A19103F-16F7-4668-BE54-9A1E7A4F7556}") = "Ordering.Infrastructure", "Services\Ordering\Ordering.Infrastructure\Ordering.Infrastructure.csproj", "{77A41195-6D54-4B26-AB69-8706B720BB9F}"
EndProject
Project("{E53339B2-1760-4266-BCC7-CA923CBCF16C}") = "docker-compose", "docker-compose.dcproj", "{C72EEB5D-0763-4F53-9BF8-B68E894F52DE}"
EndProject
Global
	GlobalSection(SolutionConfigurationPlatforms) = preSolution
		Debug|Any CPU = Debug|Any CPU
		Release|Any CPU = Release|Any CPU
	EndGlobalSection
	GlobalSection(ProjectConfigurationPlatforms) = postSolution
		{C01C886C-B8DD-43CE-82F3-743021F4DC38}.Debug|Any CPU.ActiveCfg = Debug|Any CPU
		{C01C886C-B8DD-43CE-82F3-743021F4DC38}.Debug|Any CPU.Build.0 = Debug|Any CPU
		{C01C886C-B8DD-43CE-82F3-743021F4DC38}.Release|Any CPU.ActiveCfg = Release|Any CPU
		{C01C886C-B8DD-43CE-82F3-743021F4DC38}.Release|Any CPU.Build.0 = Release|Any CPU
		{81D520EF-94EC-4AFD-81A3-52F3771F64A8}.Debug|Any CPU.ActiveCfg = Debug|Any CPU
		{81D520EF-94EC-4AFD-81A3-52F3771F64A8}.Debug|Any CPU.Build.0 = Debug|Any CPU
		{81D520EF-94EC-4AFD-81A3-52F3771F64A8}.Release|Any CPU.ActiveCfg = Release|Any CPU
		{81D520EF-94EC-4AFD-81A3-52F3771F64A8}.Release|Any CPU.Build.0 = Release|Any CPU
		{953E3166-C9A0-4EFA-9191-5B9380329BD4}.Debug|Any CPU.ActiveCfg = Debug|Any CPU
		{953E3166-C9A0-4EFA-9191-5B9380329BD4}.Debug|Any CPU.Build.0 = Debug|Any CPU
		{953E3166-C9A0-4EFA-9191-5B9380329BD4}.Release|Any CPU.ActiveCfg = Release|Any CPU
		{953E3166-C9A0-4EFA-9191-5B9380329BD4}.Release|Any CPU.Build.0 = Release|Any CPU
		{D91CB931-9DE7-45DB-B8B5-A8D698D32B7D}.Debug|Any CPU.ActiveCfg = Debug|Any CPU
		{D91CB931-9DE7-45DB-B8B5-A8D698D32B7D}.Debug|Any CPU.Build.0 = Debug|Any CPU
		{D91CB931-9DE7-45DB-B8B5-A8D698D32B7D}.Release|Any CPU.ActiveCfg = Release|Any CPU
		{D91CB931-9DE7-45DB-B8B5-A8D698D32B7D}.Release|Any CPU.Build.0 = Release|Any CPU
		{5EFA9119-B54C-40EE-8492-C5301D376AB3}.Debug|Any CPU.ActiveCfg = Debug|Any CPU
		{5EFA9119-B54C-40EE-8492-C5301D376AB3}.Debug|Any CPU.Build.0 = Debug|Any CPU
		{5EFA9119-B54C-40EE-8492-C5301D376AB3}.Release|Any CPU.ActiveCfg = Release|Any CPU
		{5EFA9119-B54C-40EE-8492-C5301D376AB3}.Release|Any CPU.Build.0 = Release|Any CPU
		{9CCAFBD1-BE6B-4309-99DA-D8C8BC642A58}.Debug|Any CPU.ActiveCfg = Debug|Any CPU
		{9CCAFBD1-BE6B-4309-99DA-D8C8BC642A58}.Debug|Any CPU.Build.0 = Debug|Any CPU
		{9CCAFBD1-BE6B-4309-99DA-D8C8BC642A58}.Release|Any CPU.ActiveCfg = Release|Any CPU
		{9CCAFBD1-BE6B-4309-99DA-D8C8BC642A58}.Release|Any CPU.Build.0 = Release|Any CPU
		{77A41195-6D54-4B26-AB69-8706B720BB9F}.Debug|Any CPU.ActiveCfg = Debug|Any CPU
		{77A41195-6D54-4B26-AB69-8706B720BB9F}.Debug|Any CPU.Build.0 = Debug|Any CPU
		{77A41195-6D54-4B26-AB69-8706B720BB9F}.Release|Any CPU.ActiveCfg = Release|Any CPU
		{77A41195-6D54-4B26-AB69-8706B720BB9F}.Release|Any CPU.Build.0 = Release|Any CPU
		{C72EEB5D-0763-4F53-9BF8-B68E894F52DE}.Debug|Any CPU.ActiveCfg = Debug|Any CPU
		{C72EEB5D-0763-4F53-9BF8-B68E894F52DE}.Debug|Any CPU.Build.0 = Debug|Any CPU
		{C72EEB5D-0763-4F53-9BF8-B68E894F52DE}.Release|Any CPU.ActiveCfg = Release|Any CPU
		{C72EEB5D-0763-4F53-9BF8-B68E894F52DE}.Release|Any CPU.Build.0 = Release|Any CPU
	EndGlobalSection
	GlobalSection(SolutionProperties) = preSolution
		HideSolutionNode = FALSE
	EndGlobalSection
	GlobalSection(NestedProjects) = preSolution
		{C01C886C-B8DD-43CE-82F3-743021F4DC38} = {E94B1237-D443-40DE-B102-5A07798B8262}
		{AF649E11-99AA-42DB-82E7-6EC6ACC6CDF4} = {F0981627-6DD0-41EB-B63B-CF1EC820A420}
		{81D520EF-94EC-4AFD-81A3-52F3771F64A8} = {AF649E11-99AA-42DB-82E7-6EC6ACC6CDF4}
		{953E3166-C9A0-4EFA-9191-5B9380329BD4} = {E94B1237-D443-40DE-B102-5A07798B8262}
		{47FD5FEC-E9E8-48FE-A8DA-5357A34DCB6B} = {F0981627-6DD0-41EB-B63B-CF1EC820A420}
		{D91CB931-9DE7-45DB-B8B5-A8D698D32B7D} = {47FD5FEC-E9E8-48FE-A8DA-5357A34DCB6B}
		{5EFA9119-B54C-40EE-8492-C5301D376AB3} = {47FD5FEC-E9E8-48FE-A8DA-5357A34DCB6B}
		{9CCAFBD1-BE6B-4309-99DA-D8C8BC642A58} = {47FD5FEC-E9E8-48FE-A8DA-5357A34DCB6B}
		{77A41195-6D54-4B26-AB69-8706B720BB9F} = {47FD5FEC-E9E8-48FE-A8DA-5357A34DCB6B}
	EndGlobalSection
	GlobalSection(ExtensibilityGlobals) = postSolution
		SolutionGuid = {D1E0BBB3-0AA4-4CD9-8608-0158A66A315D}
	EndGlobalSection
EndGlobal
